
Microsoft Visual Studio Solution File, Format Version 12.00
# Visual Studio 14
VisualStudioVersion = 14.0.23107.0
MinimumVisualStudioVersion = 10.0.40219.1
Project("{FAE04EC0-301F-11D3-BF4B-00C04F79EFBC}") = "Gimnasios", "Gimnasios\Gimnasios.csproj", "{250FDF3F-7C34-4015-90E7-BAE5E9CA82C4}"
EndProject
Project("{FAE04EC0-301F-11D3-BF4B-00C04F79EFBC}") = "Negocio", "..\Negocio\Negocio.csproj", "{451528B0-7C7F-4B13-B463-211EE4CBE8A8}"
EndProject
Project("{FAE04EC0-301F-11D3-BF4B-00C04F79EFBC}") = "Entidades", "..\Entidades\Entidades.csproj", "{ACF3FB96-48AB-4910-BFFD-C128DC803C26}"
EndProject
Project("{FAE04EC0-301F-11D3-BF4B-00C04F79EFBC}") = "Datos", "..\Datos\Datos.csproj", "{2B31DD73-04DB-4314-9D36-2160B7FA3299}"
EndProject
Global
	GlobalSection(SolutionConfigurationPlatforms) = preSolution
		Debug|Any CPU = Debug|Any CPU
		Release|Any CPU = Release|Any CPU
	EndGlobalSection
	GlobalSection(ProjectConfigurationPlatforms) = postSolution
		{250FDF3F-7C34-4015-90E7-BAE5E9CA82C4}.Debug|Any CPU.ActiveCfg = Debug|Any CPU
		{250FDF3F-7C34-4015-90E7-BAE5E9CA82C4}.Debug|Any CPU.Build.0 = Debug|Any CPU
		{250FDF3F-7C34-4015-90E7-BAE5E9CA82C4}.Release|Any CPU.ActiveCfg = Release|Any CPU
		{250FDF3F-7C34-4015-90E7-BAE5E9CA82C4}.Release|Any CPU.Build.0 = Release|Any CPU
		{451528B0-7C7F-4B13-B463-211EE4CBE8A8}.Debug|Any CPU.ActiveCfg = Debug|Any CPU
		{451528B0-7C7F-4B13-B463-211EE4CBE8A8}.Debug|Any CPU.Build.0 = Debug|Any CPU
		{451528B0-7C7F-4B13-B463-211EE4CBE8A8}.Release|Any CPU.ActiveCfg = Release|Any CPU
		{451528B0-7C7F-4B13-B463-211EE4CBE8A8}.Release|Any CPU.Build.0 = Release|Any CPU
		{ACF3FB96-48AB-4910-BFFD-C128DC803C26}.Debug|Any CPU.ActiveCfg = Debug|Any CPU
		{ACF3FB96-48AB-4910-BFFD-C128DC803C26}.Debug|Any CPU.Build.0 = Debug|Any CPU
		{ACF3FB96-48AB-4910-BFFD-C128DC803C26}.Release|Any CPU.ActiveCfg = Release|Any CPU
		{ACF3FB96-48AB-4910-BFFD-C128DC803C26}.Release|Any CPU.Build.0 = Release|Any CPU
		{2B31DD73-04DB-4314-9D36-2160B7FA3299}.Debug|Any CPU.ActiveCfg = Debug|Any CPU
		{2B31DD73-04DB-4314-9D36-2160B7FA3299}.Debug|Any CPU.Build.0 = Debug|Any CPU
		{2B31DD73-04DB-4314-9D36-2160B7FA3299}.Release|Any CPU.ActiveCfg = Release|Any CPU
		{2B31DD73-04DB-4314-9D36-2160B7FA3299}.Release|Any CPU.Build.0 = Release|Any CPU
	EndGlobalSection
	GlobalSection(SolutionProperties) = preSolution
		HideSolutionNode = FALSE
	EndGlobalSection
EndGlobal
